
Microsoft Visual Studio Solution File, Format Version 12.00
# Visual Studio 15
VisualStudioVersion = 15.0.26228.9
MinimumVisualStudioVersion = 10.0.40219.1
Project("{FAE04EC0-301F-11D3-BF4B-00C04F79EFBC}") = "ManningApp", "ManningApp\ManningApp.csproj", "{CFD12CA2-552E-4100-A045-005BA8ABA566}"
EndProject
Project("{FAE04EC0-301F-11D3-BF4B-00C04F79EFBC}") = "ManningAlgorithm", "ManningAlgorithm\ManningAlgorithm.csproj", "{09E868F9-6FCB-427F-9F4D-BA70E1673DB0}"
EndProject
Global
	GlobalSection(SolutionConfigurationPlatforms) = preSolution
		Debug|Any CPU = Debug|Any CPU
		Release|Any CPU = Release|Any CPU
	EndGlobalSection
	GlobalSection(ProjectConfigurationPlatforms) = postSolution
		{CFD12CA2-552E-4100-A045-005BA8ABA566}.Debug|Any CPU.ActiveCfg = Debug|Any CPU
		{CFD12CA2-552E-4100-A045-005BA8ABA566}.Debug|Any CPU.Build.0 = Debug|Any CPU
		{CFD12CA2-552E-4100-A045-005BA8ABA566}.Release|Any CPU.ActiveCfg = Release|Any CPU
		{CFD12CA2-552E-4100-A045-005BA8ABA566}.Release|Any CPU.Build.0 = Release|Any CPU
		{09E868F9-6FCB-427F-9F4D-BA70E1673DB0}.Debug|Any CPU.ActiveCfg = Debug|Any CPU
		{09E868F9-6FCB-427F-9F4D-BA70E1673DB0}.Debug|Any CPU.Build.0 = Debug|Any CPU
		{09E868F9-6FCB-427F-9F4D-BA70E1673DB0}.Release|Any CPU.ActiveCfg = Release|Any CPU
		{09E868F9-6FCB-427F-9F4D-BA70E1673DB0}.Release|Any CPU.Build.0 = Release|Any CPU
	EndGlobalSection
	GlobalSection(SolutionProperties) = preSolution
		HideSolutionNode = FALSE
	EndGlobalSection
	GlobalSection(ExtensibilityGlobals) = postSolution
		SolutionGuid = {F4B16AA1-E5E7-4AD1-8B38-8371C20FA080}
	EndGlobalSection
EndGlobal
